// !$*UTF8*$!
{
	archiveVersion = 1;
	classes = {
	};
	objectVersion = 55;
	objects = {

/* Begin PBXBuildFile section */
		1C5247FC289FEC400024A958 /* AppDelegate.swift in Sources */ = {isa = PBXBuildFile; fileRef = 1C5247FB289FEC400024A958 /* AppDelegate.swift */; };
		1C5247FE289FEC400024A958 /* SceneDelegate.swift in Sources */ = {isa = PBXBuildFile; fileRef = 1C5247FD289FEC400024A958 /* SceneDelegate.swift */; };
		1C524800289FEC400024A958 /* ViewController.swift in Sources */ = {isa = PBXBuildFile; fileRef = 1C5247FF289FEC400024A958 /* ViewController.swift */; };
		1C524803289FEC400024A958 /* Main.storyboard in Resources */ = {isa = PBXBuildFile; fileRef = 1C524801289FEC400024A958 /* Main.storyboard */; };
		1C524805289FEC410024A958 /* Assets.xcassets in Resources */ = {isa = PBXBuildFile; fileRef = 1C524804289FEC410024A958 /* Assets.xcassets */; };
		1C524808289FEC410024A958 /* LaunchScreen.storyboard in Resources */ = {isa = PBXBuildFile; fileRef = 1C524806289FEC410024A958 /* LaunchScreen.storyboard */; };
		1C524813289FEC410024A958 /* storyChallengeTests.swift in Sources */ = {isa = PBXBuildFile; fileRef = 1C524812289FEC410024A958 /* storyChallengeTests.swift */; };
		1C52481D289FEC410024A958 /* storyChallengeUITests.swift in Sources */ = {isa = PBXBuildFile; fileRef = 1C52481C289FEC410024A958 /* storyChallengeUITests.swift */; };
		1C52481F289FEC410024A958 /* storyChallengeUITestsLaunchTests.swift in Sources */ = {isa = PBXBuildFile; fileRef = 1C52481E289FEC410024A958 /* storyChallengeUITestsLaunchTests.swift */; };
/* End PBXBuildFile section */

/* Begin PBXContainerItemProxy section */
		1C52480F289FEC410024A958 /* PBXContainerItemProxy */ = {
			isa = PBXContainerItemProxy;
			containerPortal = 1C5247F0289FEC400024A958 /* Project object */;
			proxyType = 1;
			remoteGlobalIDString = 1C5247F7289FEC400024A958;
			remoteInfo = storyChallenge;
		};
		1C524819289FEC410024A958 /* PBXContainerItemProxy */ = {
			isa = PBXContainerItemProxy;
			containerPortal = 1C5247F0289FEC400024A958 /* Project object */;
			proxyType = 1;
			remoteGlobalIDString = 1C5247F7289FEC400024A958;
			remoteInfo = storyChallenge;
		};
/* End PBXContainerItemProxy section */

/* Begin PBXFileReference section */
		1C5247F8289FEC400024A958 /* storyChallenge.app */ = {isa = PBXFileReference; explicitFileType = wrapper.application; includeInIndex = 0; path = storyChallenge.app; sourceTree = BUILT_PRODUCTS_DIR; };
		1C5247FB289FEC400024A958 /* AppDelegate.swift */ = {isa = PBXFileReference; lastKnownFileType = sourcecode.swift; path = AppDelegate.swift; sourceTree = "<group>"; };
		1C5247FD289FEC400024A958 /* SceneDelegate.swift */ = {isa = PBXFileReference; lastKnownFileType = sourcecode.swift; path = SceneDelegate.swift; sourceTree = "<group>"; };
		1C5247FF289FEC400024A958 /* ViewController.swift */ = {isa = PBXFileReference; lastKnownFileType = sourcecode.swift; path = ViewController.swift; sourceTree = "<group>"; };
		1C524802289FEC400024A958 /* Base */ = {isa = PBXFileReference; lastKnownFileType = file.storyboard; name = Base; path = Base.lproj/Main.storyboard; sourceTree = "<group>"; };
		1C524804289FEC410024A958 /* Assets.xcassets */ = {isa = PBXFileReference; lastKnownFileType = folder.assetcatalog; path = Assets.xcassets; sourceTree = "<group>"; };
		1C524807289FEC410024A958 /* Base */ = {isa = PBXFileReference; lastKnownFileType = file.storyboard; name = Base; path = Base.lproj/LaunchScreen.storyboard; sourceTree = "<group>"; };
		1C524809289FEC410024A958 /* Info.plist */ = {isa = PBXFileReference; lastKnownFileType = text.plist.xml; path = Info.plist; sourceTree = "<group>"; };
		1C52480E289FEC410024A958 /* storyChallengeTests.xctest */ = {isa = PBXFileReference; explicitFileType = wrapper.cfbundle; includeInIndex = 0; path = storyChallengeTests.xctest; sourceTree = BUILT_PRODUCTS_DIR; };
		1C524812289FEC410024A958 /* storyChallengeTests.swift */ = {isa = PBXFileReference; lastKnownFileType = sourcecode.swift; path = storyChallengeTests.swift; sourceTree = "<group>"; };
		1C524818289FEC410024A958 /* storyChallengeUITests.xctest */ = {isa = PBXFileReference; explicitFileType = wrapper.cfbundle; includeInIndex = 0; path = storyChallengeUITests.xctest; sourceTree = BUILT_PRODUCTS_DIR; };
		1C52481C289FEC410024A958 /* storyChallengeUITests.swift */ = {isa = PBXFileReference; lastKnownFileType = sourcecode.swift; path = storyChallengeUITests.swift; sourceTree = "<group>"; };
		1C52481E289FEC410024A958 /* storyChallengeUITestsLaunchTests.swift */ = {isa = PBXFileReference; lastKnownFileType = sourcecode.swift; path = storyChallengeUITestsLaunchTests.swift; sourceTree = "<group>"; };
/* End PBXFileReference section */

/* Begin PBXFrameworksBuildPhase section */
		1C5247F5289FEC400024A958 /* Frameworks */ = {
			isa = PBXFrameworksBuildPhase;
			buildActionMask = 2147483647;
			files = (
			);
			runOnlyForDeploymentPostprocessing = 0;
		};
		1C52480B289FEC410024A958 /* Frameworks */ = {
			isa = PBXFrameworksBuildPhase;
			buildActionMask = 2147483647;
			files = (
			);
			runOnlyForDeploymentPostprocessing = 0;
		};
		1C524815289FEC410024A958 /* Frameworks */ = {
			isa = PBXFrameworksBuildPhase;
			buildActionMask = 2147483647;
			files = (
			);
			runOnlyForDeploymentPostprocessing = 0;
		};
/* End PBXFrameworksBuildPhase section */

/* Begin PBXGroup section */
		1C5247EF289FEC400024A958 = {
			isa = PBXGroup;
			children = (
				1C5247FA289FEC400024A958 /* storyChallenge */,
				1C524811289FEC410024A958 /* storyChallengeTests */,
				1C52481B289FEC410024A958 /* storyChallengeUITests */,
				1C5247F9289FEC400024A958 /* Products */,
			);
			sourceTree = "<group>";
		};
		1C5247F9289FEC400024A958 /* Products */ = {
			isa = PBXGroup;
			children = (
				1C5247F8289FEC400024A958 /* storyChallenge.app */,
				1C52480E289FEC410024A958 /* storyChallengeTests.xctest */,
				1C524818289FEC410024A958 /* storyChallengeUITests.xctest */,
			);
			name = Products;
			sourceTree = "<group>";
		};
		1C5247FA289FEC400024A958 /* storyChallenge */ = {
			isa = PBXGroup;
			children = (
				1C5247FB289FEC400024A958 /* AppDelegate.swift */,
				1C5247FD289FEC400024A958 /* SceneDelegate.swift */,
				1C5247FF289FEC400024A958 /* ViewController.swift */,
				1C524801289FEC400024A958 /* Main.storyboard */,
				1C524804289FEC410024A958 /* Assets.xcassets */,
				1C524806289FEC410024A958 /* LaunchScreen.storyboard */,
				1C524809289FEC410024A958 /* Info.plist */,
			);
			path = storyChallenge;
			sourceTree = "<group>";
		};
		1C524811289FEC410024A958 /* storyChallengeTests */ = {
			isa = PBXGroup;
			children = (
				1C524812289FEC410024A958 /* storyChallengeTests.swift */,
			);
			path = storyChallengeTests;
			sourceTree = "<group>";
		};
		1C52481B289FEC410024A958 /* storyChallengeUITests */ = {
			isa = PBXGroup;
			children = (
				1C52481C289FEC410024A958 /* storyChallengeUITests.swift */,
				1C52481E289FEC410024A958 /* storyChallengeUITestsLaunchTests.swift */,
			);
			path = storyChallengeUITests;
			sourceTree = "<group>";
		};
/* End PBXGroup section */

/* Begin PBXNativeTarget section */
		1C5247F7289FEC400024A958 /* storyChallenge */ = {
			isa = PBXNativeTarget;
			buildConfigurationList = 1C524822289FEC410024A958 /* Build configuration list for PBXNativeTarget "storyChallenge" */;
			buildPhases = (
				1C5247F4289FEC400024A958 /* Sources */,
				1C5247F5289FEC400024A958 /* Frameworks */,
				1C5247F6289FEC400024A958 /* Resources */,
			);
			buildRules = (
			);
			dependencies = (
			);
			name = storyChallenge;
			productName = storyChallenge;
			productReference = 1C5247F8289FEC400024A958 /* storyChallenge.app */;
			productType = "com.apple.product-type.application";
		};
		1C52480D289FEC410024A958 /* storyChallengeTests */ = {
			isa = PBXNativeTarget;
			buildConfigurationList = 1C524825289FEC410024A958 /* Build configuration list for PBXNativeTarget "storyChallengeTests" */;
			buildPhases = (
				1C52480A289FEC410024A958 /* Sources */,
				1C52480B289FEC410024A958 /* Frameworks */,
				1C52480C289FEC410024A958 /* Resources */,
			);
			buildRules = (
			);
			dependencies = (
				1C524810289FEC410024A958 /* PBXTargetDependency */,
			);
			name = storyChallengeTests;
			productName = storyChallengeTests;
			productReference = 1C52480E289FEC410024A958 /* storyChallengeTests.xctest */;
			productType = "com.apple.product-type.bundle.unit-test";
		};
		1C524817289FEC410024A958 /* storyChallengeUITests */ = {
			isa = PBXNativeTarget;
			buildConfigurationList = 1C524828289FEC410024A958 /* Build configuration list for PBXNativeTarget "storyChallengeUITests" */;
			buildPhases = (
				1C524814289FEC410024A958 /* Sources */,
				1C524815289FEC410024A958 /* Frameworks */,
				1C524816289FEC410024A958 /* Resources */,
			);
			buildRules = (
			);
			dependencies = (
				1C52481A289FEC410024A958 /* PBXTargetDependency */,
			);
			name = storyChallengeUITests;
			productName = storyChallengeUITests;
			productReference = 1C524818289FEC410024A958 /* storyChallengeUITests.xctest */;
			productType = "com.apple.product-type.bundle.ui-testing";
		};
/* End PBXNativeTarget section */

/* Begin PBXProject section */
		1C5247F0289FEC400024A958 /* Project object */ = {
			isa = PBXProject;
			attributes = {
				BuildIndependentTargetsInParallel = 1;
				LastSwiftUpdateCheck = 1340;
				LastUpgradeCheck = 1340;
				TargetAttributes = {
					1C5247F7289FEC400024A958 = {
						CreatedOnToolsVersion = 13.4.1;
					};
					1C52480D289FEC410024A958 = {
						CreatedOnToolsVersion = 13.4.1;
						TestTargetID = 1C5247F7289FEC400024A958;
					};
					1C524817289FEC410024A958 = {
						CreatedOnToolsVersion = 13.4.1;
						TestTargetID = 1C5247F7289FEC400024A958;
					};
				};
			};
			buildConfigurationList = 1C5247F3289FEC400024A958 /* Build configuration list for PBXProject "storyChallenge" */;
			compatibilityVersion = "Xcode 13.0";
			developmentRegion = en;
			hasScannedForEncodings = 0;
			knownRegions = (
				en,
				Base,
			);
			mainGroup = 1C5247EF289FEC400024A958;
			productRefGroup = 1C5247F9289FEC400024A958 /* Products */;
			projectDirPath = "";
			projectRoot = "";
			targets = (
				1C5247F7289FEC400024A958 /* storyChallenge */,
				1C52480D289FEC410024A958 /* storyChallengeTests */,
				1C524817289FEC410024A958 /* storyChallengeUITests */,
			);
		};
/* End PBXProject section */

/* Begin PBXResourcesBuildPhase section */
		1C5247F6289FEC400024A958 /* Resources */ = {
			isa = PBXResourcesBuildPhase;
			buildActionMask = 2147483647;
			files = (
				1C524808289FEC410024A958 /* LaunchScreen.storyboard in Resources */,
				1C524805289FEC410024A958 /* Assets.xcassets in Resources */,
				1C524803289FEC400024A958 /* Main.storyboard in Resources */,
			);
			runOnlyForDeploymentPostprocessing = 0;
		};
		1C52480C289FEC410024A958 /* Resources */ = {
			isa = PBXResourcesBuildPhase;
			buildActionMask = 2147483647;
			files = (
			);
			runOnlyForDeploymentPostprocessing = 0;
		};
		1C524816289FEC410024A958 /* Resources */ = {
			isa = PBXResourcesBuildPhase;
			buildActionMask = 2147483647;
			files = (
			);
			runOnlyForDeploymentPostprocessing = 0;
		};
/* End PBXResourcesBuildPhase section */

/* Begin PBXSourcesBuildPhase section */
		1C5247F4289FEC400024A958 /* Sources */ = {
			isa = PBXSourcesBuildPhase;
			buildActionMask = 2147483647;
			files = (
				1C524800289FEC400024A958 /* ViewController.swift in Sources */,
				1C5247FC289FEC400024A958 /* AppDelegate.swift in Sources */,
				1C5247FE289FEC400024A958 /* SceneDelegate.swift in Sources */,
			);
			runOnlyForDeploymentPostprocessing = 0;
		};
		1C52480A289FEC410024A958 /* Sources */ = {
			isa = PBXSourcesBuildPhase;
			buildActionMask = 2147483647;
			files = (
				1C524813289FEC410024A958 /* storyChallengeTests.swift in Sources */,
			);
			runOnlyForDeploymentPostprocessing = 0;
		};
		1C524814289FEC410024A958 /* Sources */ = {
			isa = PBXSourcesBuildPhase;
			buildActionMask = 2147483647;
			files = (
				1C52481F289FEC410024A958 /* storyChallengeUITestsLaunchTests.swift in Sources */,
				1C52481D289FEC410024A958 /* storyChallengeUITests.swift in Sources */,
			);
			runOnlyForDeploymentPostprocessing = 0;
		};
/* End PBXSourcesBuildPhase section */

/* Begin PBXTargetDependency section */
		1C524810289FEC410024A958 /* PBXTargetDependency */ = {
			isa = PBXTargetDependency;
			target = 1C5247F7289FEC400024A958 /* storyChallenge */;
			targetProxy = 1C52480F289FEC410024A958 /* PBXContainerItemProxy */;
		};
		1C52481A289FEC410024A958 /* PBXTargetDependency */ = {
			isa = PBXTargetDependency;
			target = 1C5247F7289FEC400024A958 /* storyChallenge */;
			targetProxy = 1C524819289FEC410024A958 /* PBXContainerItemProxy */;
		};
/* End PBXTargetDependency section */

/* Begin PBXVariantGroup section */
		1C524801289FEC400024A958 /* Main.storyboard */ = {
			isa = PBXVariantGroup;
			children = (
				1C524802289FEC400024A958 /* Base */,
			);
			name = Main.storyboard;
			sourceTree = "<group>";
		};
		1C524806289FEC410024A958 /* LaunchScreen.storyboard */ = {
			isa = PBXVariantGroup;
			children = (
				1C524807289FEC410024A958 /* Base */,
			);
			name = LaunchScreen.storyboard;
			sourceTree = "<group>";
		};
/* End PBXVariantGroup section */

/* Begin XCBuildConfiguration section */
		1C524820289FEC410024A958 /* Debug */ = {
			isa = XCBuildConfiguration;
			buildSettings = {
				ALWAYS_SEARCH_USER_PATHS = NO;
				CLANG_ANALYZER_NONNULL = YES;
				CLANG_ANALYZER_NUMBER_OBJECT_CONVERSION = YES_AGGRESSIVE;
				CLANG_CXX_LANGUAGE_STANDARD = "gnu++17";
				CLANG_ENABLE_MODULES = YES;
				CLANG_ENABLE_OBJC_ARC = YES;
				CLANG_ENABLE_OBJC_WEAK = YES;
				CLANG_WARN_BLOCK_CAPTURE_AUTORELEASING = YES;
				CLANG_WARN_BOOL_CONVERSION = YES;
				CLANG_WARN_COMMA = YES;
				CLANG_WARN_CONSTANT_CONVERSION = YES;
				CLANG_WARN_DEPRECATED_OBJC_IMPLEMENTATIONS = YES;
				CLANG_WARN_DIRECT_OBJC_ISA_USAGE = YES_ERROR;
				CLANG_WARN_DOCUMENTATION_COMMENTS = YES;
				CLANG_WARN_EMPTY_BODY = YES;
				CLANG_WARN_ENUM_CONVERSION = YES;
				CLANG_WARN_INFINITE_RECURSION = YES;
				CLANG_WARN_INT_CONVERSION = YES;
				CLANG_WARN_NON_LITERAL_NULL_CONVERSION = YES;
				CLANG_WARN_OBJC_IMPLICIT_RETAIN_SELF = YES;
				CLANG_WARN_OBJC_LITERAL_CONVERSION = YES;
				CLANG_WARN_OBJC_ROOT_CLASS = YES_ERROR;
				CLANG_WARN_QUOTED_INCLUDE_IN_FRAMEWORK_HEADER = YES;
				CLANG_WARN_RANGE_LOOP_ANALYSIS = YES;
				CLANG_WARN_STRICT_PROTOTYPES = YES;
				CLANG_WARN_SUSPICIOUS_MOVE = YES;
				CLANG_WARN_UNGUARDED_AVAILABILITY = YES_AGGRESSIVE;
				CLANG_WARN_UNREACHABLE_CODE = YES;
				CLANG_WARN__DUPLICATE_METHOD_MATCH = YES;
				COPY_PHASE_STRIP = NO;
				DEBUG_INFORMATION_FORMAT = dwarf;
				ENABLE_STRICT_OBJC_MSGSEND = YES;
				ENABLE_TESTABILITY = YES;
				GCC_C_LANGUAGE_STANDARD = gnu11;
				GCC_DYNAMIC_NO_PIC = NO;
				GCC_NO_COMMON_BLOCKS = YES;
				GCC_OPTIMIZATION_LEVEL = 0;
				GCC_PREPROCESSOR_DEFINITIONS = (
					"DEBUG=1",
					"$(inherited)",
				);
				GCC_WARN_64_TO_32_BIT_CONVERSION = YES;
				GCC_WARN_ABOUT_RETURN_TYPE = YES_ERROR;
				GCC_WARN_UNDECLARED_SELECTOR = YES;
				GCC_WARN_UNINITIALIZED_AUTOS = YES_AGGRESSIVE;
				GCC_WARN_UNUSED_FUNCTION = YES;
				GCC_WARN_UNUSED_VARIABLE = YES;
				IPHONEOS_DEPLOYMENT_TARGET = 15.5;
				MTL_ENABLE_DEBUG_INFO = INCLUDE_SOURCE;
				MTL_FAST_MATH = YES;
				ONLY_ACTIVE_ARCH = YES;
				SDKROOT = iphoneos;
				SWIFT_ACTIVE_COMPILATION_CONDITIONS = DEBUG;
				SWIFT_OPTIMIZATION_LEVEL = "-Onone";
			};
			name = Debug;
		};
		1C524821289FEC410024A958 /* Release */ = {
			isa = XCBuildConfiguration;
			buildSettings = {
				ALWAYS_SEARCH_USER_PATHS = NO;
				CLANG_ANALYZER_NONNULL = YES;
				CLANG_ANALYZER_NUMBER_OBJECT_CONVERSION = YES_AGGRESSIVE;
				CLANG_CXX_LANGUAGE_STANDARD = "gnu++17";
				CLANG_ENABLE_MODULES = YES;
				CLANG_ENABLE_OBJC_ARC = YES;
				CLANG_ENABLE_OBJC_WEAK = YES;
				CLANG_WARN_BLOCK_CAPTURE_AUTORELEASING = YES;
				CLANG_WARN_BOOL_CONVERSION = YES;
				CLANG_WARN_COMMA = YES;
				CLANG_WARN_CONSTANT_CONVERSION = YES;
				CLANG_WARN_DEPRECATED_OBJC_IMPLEMENTATIONS = YES;
				CLANG_WARN_DIRECT_OBJC_ISA_USAGE = YES_ERROR;
				CLANG_WARN_DOCUMENTATION_COMMENTS = YES;
				CLANG_WARN_EMPTY_BODY = YES;
				CLANG_WARN_ENUM_CONVERSION = YES;
				CLANG_WARN_INFINITE_RECURSION = YES;
				CLANG_WARN_INT_CONVERSION = YES;
				CLANG_WARN_NON_LITERAL_NULL_CONVERSION = YES;
				CLANG_WARN_OBJC_IMPLICIT_RETAIN_SELF = YES;
				CLANG_WARN_OBJC_LITERAL_CONVERSION = YES;
				CLANG_WARN_OBJC_ROOT_CLASS = YES_ERROR;
				CLANG_WARN_QUOTED_INCLUDE_IN_FRAMEWORK_HEADER = YES;
				CLANG_WARN_RANGE_LOOP_ANALYSIS = YES;
				CLANG_WARN_STRICT_PROTOTYPES = YES;
				CLANG_WARN_SUSPICIOUS_MOVE = YES;
				CLANG_WARN_UNGUARDED_AVAILABILITY = YES_AGGRESSIVE;
				CLANG_WARN_UNREACHABLE_CODE = YES;
				CLANG_WARN__DUPLICATE_METHOD_MATCH = YES;
				COPY_PHASE_STRIP = NO;
				DEBUG_INFORMATION_FORMAT = "dwarf-with-dsym";
				ENABLE_NS_ASSERTIONS = NO;
				ENABLE_STRICT_OBJC_MSGSEND = YES;
				GCC_C_LANGUAGE_STANDARD = gnu11;
				GCC_NO_COMMON_BLOCKS = YES;
				GCC_WARN_64_TO_32_BIT_CONVERSION = YES;
				GCC_WARN_ABOUT_RETURN_TYPE = YES_ERROR;
				GCC_WARN_UNDECLARED_SELECTOR = YES;
				GCC_WARN_UNINITIALIZED_AUTOS = YES_AGGRESSIVE;
				GCC_WARN_UNUSED_FUNCTION = YES;
				GCC_WARN_UNUSED_VARIABLE = YES;
				IPHONEOS_DEPLOYMENT_TARGET = 15.5;
				MTL_ENABLE_DEBUG_INFO = NO;
				MTL_FAST_MATH = YES;
				SDKROOT = iphoneos;
				SWIFT_COMPILATION_MODE = wholemodule;
				SWIFT_OPTIMIZATION_LEVEL = "-O";
				VALIDATE_PRODUCT = YES;
			};
			name = Release;
		};
		1C524823289FEC410024A958 /* Debug */ = {
			isa = XCBuildConfiguration;
			buildSettings = {
				ASSETCATALOG_COMPILER_APPICON_NAME = AppIcon;
				ASSETCATALOG_COMPILER_GLOBAL_ACCENT_COLOR_NAME = AccentColor;
				CODE_SIGN_STYLE = Automatic;
				CURRENT_PROJECT_VERSION = 1;
				DEVELOPMENT_TEAM = 43VLJ6372V;
				GENERATE_INFOPLIST_FILE = YES;
				INFOPLIST_FILE = storyChallenge/Info.plist;
				INFOPLIST_KEY_UIApplicationSupportsIndirectInputEvents = YES;
				INFOPLIST_KEY_UILaunchStoryboardName = LaunchScreen;
				INFOPLIST_KEY_UIMainStoryboardFile = Main;
				INFOPLIST_KEY_UISupportedInterfaceOrientations_iPad = "UIInterfaceOrientationPortrait UIInterfaceOrientationPortraitUpsideDown UIInterfaceOrientationLandscapeLeft UIInterfaceOrientationLandscapeRight";
				INFOPLIST_KEY_UISupportedInterfaceOrientations_iPhone = "UIInterfaceOrientationPortrait UIInterfaceOrientationLandscapeLeft UIInterfaceOrientationLandscapeRight";
				LD_RUNPATH_SEARCH_PATHS = (
					"$(inherited)",
					"@executable_path/Frameworks",
				);
				MARKETING_VERSION = 1.0;
				PRODUCT_BUNDLE_IDENTIFIER = com.simonsen.nikolaj.storyChallenge;
				PRODUCT_NAME = "$(TARGET_NAME)";
				SWIFT_EMIT_LOC_STRINGS = YES;
				SWIFT_VERSION = 5.0;
				TARGETED_DEVICE_FAMILY = "1,2";
			};
			name = Debug;
		};
		1C524824289FEC410024A958 /* Release */ = {
			isa = XCBuildConfiguration;
			buildSettings = {
				ASSETCATALOG_COMPILER_APPICON_NAME = AppIcon;
				ASSETCATALOG_COMPILER_GLOBAL_ACCENT_COLOR_NAME = AccentColor;
				CODE_SIGN_STYLE = Automatic;
				CURRENT_PROJECT_VERSION = 1;
				DEVELOPMENT_TEAM = 43VLJ6372V;
				GENERATE_INFOPLIST_FILE = YES;
				INFOPLIST_FILE = storyChallenge/Info.plist;
				INFOPLIST_KEY_UIApplicationSupportsIndirectInputEvents = YES;
				INFOPLIST_KEY_UILaunchStoryboardName = LaunchScreen;
				INFOPLIST_KEY_UIMainStoryboardFile = Main;
				INFOPLIST_KEY_UISupportedInterfaceOrientations_iPad = "UIInterfaceOrientationPortrait UIInterfaceOrientationPortraitUpsideDown UIInterfaceOrientationLandscapeLeft UIInterfaceOrientationLandscapeRight";
				INFOPLIST_KEY_UISupportedInterfaceOrientations_iPhone = "UIInterfaceOrientationPortrait UIInterfaceOrientationLandscapeLeft UIInterfaceOrientationLandscapeRight";
				LD_RUNPATH_SEARCH_PATHS = (
					"$(inherited)",
					"@executable_path/Frameworks",
				);
				MARKETING_VERSION = 1.0;
				PRODUCT_BUNDLE_IDENTIFIER = com.simonsen.nikolaj.storyChallenge;
				PRODUCT_NAME = "$(TARGET_NAME)";
				SWIFT_EMIT_LOC_STRINGS = YES;
				SWIFT_VERSION = 5.0;
				TARGETED_DEVICE_FAMILY = "1,2";
			};
			name = Release;
		};
		1C524826289FEC410024A958 /* Debug */ = {
			isa = XCBuildConfiguration;
			buildSettings = {
				ALWAYS_EMBED_SWIFT_STANDARD_LIBRARIES = YES;
				BUNDLE_LOADER = "$(TEST_HOST)";
				CODE_SIGN_STYLE = Automatic;
				CURRENT_PROJECT_VERSION = 1;
				DEVELOPMENT_TEAM = 43VLJ6372V;
				GENERATE_INFOPLIST_FILE = YES;
				IPHONEOS_DEPLOYMENT_TARGET = 15.5;
				MARKETING_VERSION = 1.0;
				PRODUCT_BUNDLE_IDENTIFIER = com.simonsen.nikolaj.storyChallengeTests;
				PRODUCT_NAME = "$(TARGET_NAME)";
				SWIFT_EMIT_LOC_STRINGS = NO;
				SWIFT_VERSION = 5.0;
				TARGETED_DEVICE_FAMILY = "1,2";
				TEST_HOST = "$(BUILT_PRODUCTS_DIR)/storyChallenge.app/storyChallenge";
			};
			name = Debug;
		};
		1C524827289FEC410024A958 /* Release */ = {
			isa = XCBuildConfiguration;
			buildSettings = {
				ALWAYS_EMBED_SWIFT_STANDARD_LIBRARIES = YES;
				BUNDLE_LOADER = "$(TEST_HOST)";
				CODE_SIGN_STYLE = Automatic;
				CURRENT_PROJECT_VERSION = 1;
				DEVELOPMENT_TEAM = 43VLJ6372V;
				GENERATE_INFOPLIST_FILE = YES;
				IPHONEOS_DEPLOYMENT_TARGET = 15.5;
				MARKETING_VERSION = 1.0;
				PRODUCT_BUNDLE_IDENTIFIER = com.simonsen.nikolaj.storyChallengeTests;
				PRODUCT_NAME = "$(TARGET_NAME)";
				SWIFT_EMIT_LOC_STRINGS = NO;
				SWIFT_VERSION = 5.0;
				TARGETED_DEVICE_FAMILY = "1,2";
				TEST_HOST = "$(BUILT_PRODUCTS_DIR)/storyChallenge.app/storyChallenge";
			};
			name = Release;
		};
		1C524829289FEC410024A958 /* Debug */ = {
			isa = XCBuildConfiguration;
			buildSettings = {
				ALWAYS_EMBED_SWIFT_STANDARD_LIBRARIES = YES;
				CODE_SIGN_STYLE = Automatic;
				CURRENT_PROJECT_VERSION = 1;
				DEVELOPMENT_TEAM = 43VLJ6372V;
				GENERATE_INFOPLIST_FILE = YES;
				MARKETING_VERSION = 1.0;
				PRODUCT_BUNDLE_IDENTIFIER = com.simonsen.nikolaj.storyChallengeUITests;
				PRODUCT_NAME = "$(TARGET_NAME)";
				SWIFT_EMIT_LOC_STRINGS = NO;
				SWIFT_VERSION = 5.0;
				TARGETED_DEVICE_FAMILY = "1,2";
				TEST_TARGET_NAME = storyChallenge;
			};
			name = Debug;
		};
		1C52482A289FEC410024A958 /* Release */ = {
			isa = XCBuildConfiguration;
			buildSettings = {
				ALWAYS_EMBED_SWIFT_STANDARD_LIBRARIES = YES;
				CODE_SIGN_STYLE = Automatic;
				CURRENT_PROJECT_VERSION = 1;
				DEVELOPMENT_TEAM = 43VLJ6372V;
				GENERATE_INFOPLIST_FILE = YES;
				MARKETING_VERSION = 1.0;
				PRODUCT_BUNDLE_IDENTIFIER = com.simonsen.nikolaj.storyChallengeUITests;
				PRODUCT_NAME = "$(TARGET_NAME)";
				SWIFT_EMIT_LOC_STRINGS = NO;
				SWIFT_VERSION = 5.0;
				TARGETED_DEVICE_FAMILY = "1,2";
				TEST_TARGET_NAME = storyChallenge;
			};
			name = Release;
		};
/* End XCBuildConfiguration section */

/* Begin XCConfigurationList section */
		1C5247F3289FEC400024A958 /* Build configuration list for PBXProject "storyChallenge" */ = {
			isa = XCConfigurationList;
			buildConfigurations = (
				1C524820289FEC410024A958 /* Debug */,
				1C524821289FEC410024A958 /* Release */,
			);
			defaultConfigurationIsVisible = 0;
			defaultConfigurationName = Release;
		};
		1C524822289FEC410024A958 /* Build configuration list for PBXNativeTarget "storyChallenge" */ = {
			isa = XCConfigurationList;
			buildConfigurations = (
				1C524823289FEC410024A958 /* Debug */,
				1C524824289FEC410024A958 /* Release */,
			);
			defaultConfigurationIsVisible = 0;
			defaultConfigurationName = Release;
		};
		1C524825289FEC410024A958 /* Build configuration list for PBXNativeTarget "storyChallengeTests" */ = {
			isa = XCConfigurationList;
			buildConfigurations = (
				1C524826289FEC410024A958 /* Debug */,
				1C524827289FEC410024A958 /* Release */,
			);
			defaultConfigurationIsVisible = 0;
			defaultConfigurationName = Release;
		};
		1C524828289FEC410024A958 /* Build configuration list for PBXNativeTarget "storyChallengeUITests" */ = {
			isa = XCConfigurationList;
			buildConfigurations = (
				1C524829289FEC410024A958 /* Debug */,
				1C52482A289FEC410024A958 /* Release */,
			);
			defaultConfigurationIsVisible = 0;
			defaultConfigurationName = Release;
		};
/* End XCConfigurationList section */
	};
	rootObject = 1C5247F0289FEC400024A958 /* Project object */;
}
